{
  "pins" : [
    {
      "identity" : "kingfisher",
      "kind" : "remoteSourceControl",
      "location" : "https://github.com/onevcat/Kingfisher.git",
      "state" : {
        "revision" : "5b92f029fab2cce44386d28588098b5be0824ef5",
        "version" : "7.11.0"
      }
    },
    {
      "identity" : "networkimage",
      "kind" : "remoteSourceControl",
      "location" : "https://github.com/gonzalezreal/NetworkImage",
      "state" : {
        "revision" : "7aff8d1b31148d32c5933d75557d42f6323ee3d1",
        "version" : "6.0.0"
      }
    },
    {
      "identity" : "swift-markdown-ui-compat",
      "kind" : "remoteSourceControl",
      "location" : "https://github.com/Lrdsnow/swift-markdown-ui-compat.git",
      "state" : {
        "branch" : "main",
        "revision" : "bd232396241401101ef4dd5a9b9c2d8b66698f5a"
      }
    },
    {
      "identity" : "textfieldalert",
      "kind" : "remoteSourceControl",
      "location" : "https://github.com/sochalewski/TextFieldAlert",
      "state" : {
        "revision" : "f10c8a27cde60e1714f85041501344b916bf557e",
        "version" : "1.4.0"
      }
    }
  ],
  "version" : 2
}
